
Microsoft Visual Studio Solution File, Format Version 12.00
# Visual Studio 15
VisualStudioVersion = 15.0.27617.1
MinimumVisualStudioVersion = 10.0.40219.1
Project("{FAE04EC0-301F-11D3-BF4B-00C04F79EFBC}") = "ComponentLibraries", "src\ComponentLibraries\ComponentLibraries.csproj", "{BBCEDADF-8D7A-481E-BBB1-F36F35F7647F}"
EndProject
Project("{9A19103F-16F7-4668-BE54-9A1E7A4F7556}") = "SharedComponents", "src\SharedComponents\SharedComponents.csproj", "{43D6B93E-503B-4C04-BDCF-D71D1CC9105D}"
EndProject
Global
	GlobalSection(SolutionConfigurationPlatforms) = preSolution
		Debug|Any CPU = Debug|Any CPU
		Release|Any CPU = Release|Any CPU
	EndGlobalSection
	GlobalSection(ProjectConfigurationPlatforms) = postSolution
		{BBCEDADF-8D7A-481E-BBB1-F36F35F7647F}.Debug|Any CPU.ActiveCfg = Debug|Any CPU
		{BBCEDADF-8D7A-481E-BBB1-F36F35F7647F}.Debug|Any CPU.Build.0 = Debug|Any CPU
		{BBCEDADF-8D7A-481E-BBB1-F36F35F7647F}.Release|Any CPU.ActiveCfg = Release|Any CPU
		{BBCEDADF-8D7A-481E-BBB1-F36F35F7647F}.Release|Any CPU.Build.0 = Release|Any CPU
		{43D6B93E-503B-4C04-BDCF-D71D1CC9105D}.Debug|Any CPU.ActiveCfg = Debug|Any CPU
		{43D6B93E-503B-4C04-BDCF-D71D1CC9105D}.Debug|Any CPU.Build.0 = Debug|Any CPU
		{43D6B93E-503B-4C04-BDCF-D71D1CC9105D}.Release|Any CPU.ActiveCfg = Release|Any CPU
		{43D6B93E-503B-4C04-BDCF-D71D1CC9105D}.Release|Any CPU.Build.0 = Release|Any CPU
	EndGlobalSection
	GlobalSection(SolutionProperties) = preSolution
		HideSolutionNode = FALSE
	EndGlobalSection
	GlobalSection(ExtensibilityGlobals) = postSolution
		SolutionGuid = {75F32D24-027D-4798-BDFB-4B46DB1678DC}
	EndGlobalSection
EndGlobal
